
Microsoft Visual Studio Solution File, Format Version 12.00
# Visual Studio Version 17
VisualStudioVersion = 17.8.34330.188
MinimumVisualStudioVersion = 10.0.40219.1
Project("{FAE04EC0-301F-11D3-BF4B-00C04F79EFBC}") = "OOO_Requests", "OOO_Requests\OOO_Requests.csproj", "{2536247C-8434-4B14-8FB6-8DA4BE2267EF}"
EndProject
Global
	GlobalSection(SolutionConfigurationPlatforms) = preSolution
		Debug|Any CPU = Debug|Any CPU
		Release|Any CPU = Release|Any CPU
	EndGlobalSection
	GlobalSection(ProjectConfigurationPlatforms) = postSolution
		{2536247C-8434-4B14-8FB6-8DA4BE2267EF}.Debug|Any CPU.ActiveCfg = Debug|Any CPU
		{2536247C-8434-4B14-8FB6-8DA4BE2267EF}.Debug|Any CPU.Build.0 = Debug|Any CPU
		{2536247C-8434-4B14-8FB6-8DA4BE2267EF}.Release|Any CPU.ActiveCfg = Release|Any CPU
		{2536247C-8434-4B14-8FB6-8DA4BE2267EF}.Release|Any CPU.Build.0 = Release|Any CPU
	EndGlobalSection
	GlobalSection(SolutionProperties) = preSolution
		HideSolutionNode = FALSE
	EndGlobalSection
	GlobalSection(ExtensibilityGlobals) = postSolution
		SolutionGuid = {75247D6D-FBB6-4D8C-B9B1-12DB1788D502}
	EndGlobalSection
EndGlobal
